
Microsoft Visual Studio Solution File, Format Version 12.00
# Visual Studio Version 16
VisualStudioVersion = 16.0.29613.14
MinimumVisualStudioVersion = 10.0.40219.1
Project("{9A19103F-16F7-4668-BE54-9A1E7A4F7556}") = "BankWeb", "Presentation\BankWeb\BankWeb.csproj", "{8ACC6E02-37F6-4339-84C4-18ED793F9D48}"
	ProjectSection(ProjectDependencies) = postProject
		{ED5AE54F-3BFB-4C37-8637-F225EDF14559} = {ED5AE54F-3BFB-4C37-8637-F225EDF14559}
	EndProjectSection
EndProject
Project("{9A19103F-16F7-4668-BE54-9A1E7A4F7556}") = "Domain", "Business\Domain\Domain.csproj", "{C9CE43DC-1230-4436-A89E-C3AF85797743}"
EndProject
Project("{9A19103F-16F7-4668-BE54-9A1E7A4F7556}") = "Persistence", "Infrastructure\Persistence\Persistence.csproj", "{D846D6F7-5C2F-41B6-96A8-C6D67B2E11FE}"
EndProject
Project("{9A19103F-16F7-4668-BE54-9A1E7A4F7556}") = "Bank.Domain.Test", "Tests\Unit\Bank.Domain.Test\Bank.Domain.Test.csproj", "{ED5AE54F-3BFB-4C37-8637-F225EDF14559}"
EndProject
Project("{2150E333-8FDC-42A3-9474-1A3956D46DE8}") = "Business", "Business", "{DE6EAF32-C72C-4CBE-B435-E9F93A43435A}"
EndProject
Project("{2150E333-8FDC-42A3-9474-1A3956D46DE8}") = "Tests", "Tests", "{9BDCFB55-1ECE-4A85-8DB9-009CFBD913C4}"
EndProject
Project("{2150E333-8FDC-42A3-9474-1A3956D46DE8}") = "Integration", "Integration", "{E36382CF-A42C-4FC7-A8A9-250B362A95B2}"
EndProject
Project("{2150E333-8FDC-42A3-9474-1A3956D46DE8}") = "Unit", "Unit", "{E3BD5CE0-7912-4E4A-8DA5-B9A209483E98}"
EndProject
Project("{9A19103F-16F7-4668-BE54-9A1E7A4F7556}") = "Application", "Business\Application\Application.csproj", "{3E7A9678-2C95-4ABC-889C-BB3B3388241A}"
EndProject
Project("{2150E333-8FDC-42A3-9474-1A3956D46DE8}") = "Infrastructure", "Infrastructure", "{BB99A0C8-D521-466F-BDE4-F635254768B2}"
EndProject
Project("{9A19103F-16F7-4668-BE54-9A1E7A4F7556}") = "Bootstrap", "Infrastructure\Bootstrap\Bootstrap.csproj", "{76519FB8-D8B8-457E-93BF-728C67689C4E}"
EndProject
Project("{2150E333-8FDC-42A3-9474-1A3956D46DE8}") = "Presentation", "Presentation", "{01B0CF8D-9EFD-4515-9D54-A3C6C536E781}"
EndProject
Global
	GlobalSection(SolutionConfigurationPlatforms) = preSolution
		Debug|Any CPU = Debug|Any CPU
		Release|Any CPU = Release|Any CPU
	EndGlobalSection
	GlobalSection(ProjectConfigurationPlatforms) = postSolution
		{8ACC6E02-37F6-4339-84C4-18ED793F9D48}.Debug|Any CPU.ActiveCfg = Debug|Any CPU
		{8ACC6E02-37F6-4339-84C4-18ED793F9D48}.Debug|Any CPU.Build.0 = Debug|Any CPU
		{8ACC6E02-37F6-4339-84C4-18ED793F9D48}.Release|Any CPU.ActiveCfg = Release|Any CPU
		{8ACC6E02-37F6-4339-84C4-18ED793F9D48}.Release|Any CPU.Build.0 = Release|Any CPU
		{C9CE43DC-1230-4436-A89E-C3AF85797743}.Debug|Any CPU.ActiveCfg = Debug|Any CPU
		{C9CE43DC-1230-4436-A89E-C3AF85797743}.Debug|Any CPU.Build.0 = Debug|Any CPU
		{C9CE43DC-1230-4436-A89E-C3AF85797743}.Release|Any CPU.ActiveCfg = Release|Any CPU
		{C9CE43DC-1230-4436-A89E-C3AF85797743}.Release|Any CPU.Build.0 = Release|Any CPU
		{D846D6F7-5C2F-41B6-96A8-C6D67B2E11FE}.Debug|Any CPU.ActiveCfg = Debug|Any CPU
		{D846D6F7-5C2F-41B6-96A8-C6D67B2E11FE}.Debug|Any CPU.Build.0 = Debug|Any CPU
		{D846D6F7-5C2F-41B6-96A8-C6D67B2E11FE}.Release|Any CPU.ActiveCfg = Release|Any CPU
		{D846D6F7-5C2F-41B6-96A8-C6D67B2E11FE}.Release|Any CPU.Build.0 = Release|Any CPU
		{ED5AE54F-3BFB-4C37-8637-F225EDF14559}.Debug|Any CPU.ActiveCfg = Debug|Any CPU
		{ED5AE54F-3BFB-4C37-8637-F225EDF14559}.Debug|Any CPU.Build.0 = Debug|Any CPU
		{ED5AE54F-3BFB-4C37-8637-F225EDF14559}.Release|Any CPU.ActiveCfg = Release|Any CPU
		{ED5AE54F-3BFB-4C37-8637-F225EDF14559}.Release|Any CPU.Build.0 = Release|Any CPU
		{3E7A9678-2C95-4ABC-889C-BB3B3388241A}.Debug|Any CPU.ActiveCfg = Debug|Any CPU
		{3E7A9678-2C95-4ABC-889C-BB3B3388241A}.Debug|Any CPU.Build.0 = Debug|Any CPU
		{3E7A9678-2C95-4ABC-889C-BB3B3388241A}.Release|Any CPU.ActiveCfg = Release|Any CPU
		{3E7A9678-2C95-4ABC-889C-BB3B3388241A}.Release|Any CPU.Build.0 = Release|Any CPU
		{76519FB8-D8B8-457E-93BF-728C67689C4E}.Debug|Any CPU.ActiveCfg = Debug|Any CPU
		{76519FB8-D8B8-457E-93BF-728C67689C4E}.Debug|Any CPU.Build.0 = Debug|Any CPU
		{76519FB8-D8B8-457E-93BF-728C67689C4E}.Release|Any CPU.ActiveCfg = Release|Any CPU
		{76519FB8-D8B8-457E-93BF-728C67689C4E}.Release|Any CPU.Build.0 = Release|Any CPU
	EndGlobalSection
	GlobalSection(SolutionProperties) = preSolution
		HideSolutionNode = FALSE
	EndGlobalSection
	GlobalSection(NestedProjects) = preSolution
		{8ACC6E02-37F6-4339-84C4-18ED793F9D48} = {01B0CF8D-9EFD-4515-9D54-A3C6C536E781}
		{C9CE43DC-1230-4436-A89E-C3AF85797743} = {DE6EAF32-C72C-4CBE-B435-E9F93A43435A}
		{D846D6F7-5C2F-41B6-96A8-C6D67B2E11FE} = {BB99A0C8-D521-466F-BDE4-F635254768B2}
		{ED5AE54F-3BFB-4C37-8637-F225EDF14559} = {E3BD5CE0-7912-4E4A-8DA5-B9A209483E98}
		{E36382CF-A42C-4FC7-A8A9-250B362A95B2} = {9BDCFB55-1ECE-4A85-8DB9-009CFBD913C4}
		{E3BD5CE0-7912-4E4A-8DA5-B9A209483E98} = {9BDCFB55-1ECE-4A85-8DB9-009CFBD913C4}
		{3E7A9678-2C95-4ABC-889C-BB3B3388241A} = {DE6EAF32-C72C-4CBE-B435-E9F93A43435A}
		{76519FB8-D8B8-457E-93BF-728C67689C4E} = {BB99A0C8-D521-466F-BDE4-F635254768B2}
	EndGlobalSection
	GlobalSection(ExtensibilityGlobals) = postSolution
		SolutionGuid = {B6A786BD-F6EA-4296-8588-BAF4CCDC4AB0}
	EndGlobalSection
EndGlobal
